
Microsoft Visual Studio Solution File, Format Version 12.00
# Visual Studio Version 16
VisualStudioVersion = 16.0.34114.132
MinimumVisualStudioVersion = 10.0.40219.1
Project("{FAE04EC0-301F-11D3-BF4B-00C04F79EFBC}") = "Project-86-Casino", "Project-86-Casino\Project-86-Casino.csproj", "{8B939FB3-37BB-4774-AFC7-DA0EAA89E0EA}"
EndProject
Global
	GlobalSection(SolutionConfigurationPlatforms) = preSolution
		Debug|Any CPU = Debug|Any CPU
		Release|Any CPU = Release|Any CPU
	EndGlobalSection
	GlobalSection(ProjectConfigurationPlatforms) = postSolution
		{8B939FB3-37BB-4774-AFC7-DA0EAA89E0EA}.Debug|Any CPU.ActiveCfg = Debug|Any CPU
		{8B939FB3-37BB-4774-AFC7-DA0EAA89E0EA}.Debug|Any CPU.Build.0 = Debug|Any CPU
		{8B939FB3-37BB-4774-AFC7-DA0EAA89E0EA}.Release|Any CPU.ActiveCfg = Release|Any CPU
		{8B939FB3-37BB-4774-AFC7-DA0EAA89E0EA}.Release|Any CPU.Build.0 = Release|Any CPU
	EndGlobalSection
	GlobalSection(SolutionProperties) = preSolution
		HideSolutionNode = FALSE
	EndGlobalSection
	GlobalSection(ExtensibilityGlobals) = postSolution
		SolutionGuid = {F12E3474-FB81-4C4F-A5EB-D8AFE3804FF8}
	EndGlobalSection
EndGlobal
